
Microsoft Visual Studio Solution File, Format Version 12.00
# Visual Studio 15
VisualStudioVersion = 15.0.28307.779
MinimumVisualStudioVersion = 10.0.40219.1
Project("{9A19103F-16F7-4668-BE54-9A1E7A4F7556}") = "AzureToolkit", "AzureToolkit.csproj", "{87AB5153-07F1-4AC4-9570-4A5C501EB19C}"
EndProject
Global
	GlobalSection(SolutionConfigurationPlatforms) = preSolution
		Debug|Any CPU = Debug|Any CPU
		Release|Any CPU = Release|Any CPU
	EndGlobalSection
	GlobalSection(ProjectConfigurationPlatforms) = postSolution
		{87AB5153-07F1-4AC4-9570-4A5C501EB19C}.Debug|Any CPU.ActiveCfg = Debug|Any CPU
		{87AB5153-07F1-4AC4-9570-4A5C501EB19C}.Debug|Any CPU.Build.0 = Debug|Any CPU
		{87AB5153-07F1-4AC4-9570-4A5C501EB19C}.Release|Any CPU.ActiveCfg = Release|Any CPU
		{87AB5153-07F1-4AC4-9570-4A5C501EB19C}.Release|Any CPU.Build.0 = Release|Any CPU
	EndGlobalSection
	GlobalSection(SolutionProperties) = preSolution
		HideSolutionNode = FALSE
	EndGlobalSection
	GlobalSection(ExtensibilityGlobals) = postSolution
		SolutionGuid = {26B0F5B5-0E3D-48D8-88F3-401BD1B7BCC4}
	EndGlobalSection
	GlobalSection(SourceCodeControl) = preSolution
		SccNumberOfProjects = 2
		SccLocalPath0 = .
		SccProjectUniqueName1 = AzureToolkit.csproj
		SccLocalPath1 = .
	EndGlobalSection
EndGlobal
